<?xml version="1.0" encoding="UTF-8"?>
<CodeBlocks_project_file>
	<FileVersion major="1" minor="6"/>
	<Project>
		<Option title="csmith_src"/>
		<Option makefile_is_custom="1"/>
		<Option compiler="gcc"/>
		<Option virtualFolders="CMake Files\;CMake Files\cmake\;CMake Files\doc\;CMake Files\runtime\;CMake Files\scripts\;CMake Files\src\;"/>
		<Build>
			<Target title="all">
				<Option working_dir="/home/absoler/csmith-2.3.0/src"/>
				<Option type="4"/>
				<MakeCommands>
					<Build command="/usr/bin/make -f &quot;/home/absoler/csmith-2.3.0/src/Makefile&quot;  VERBOSE=1 all"/>
					<CompileFile command="/usr/bin/make -f &quot;/home/absoler/csmith-2.3.0/src/Makefile&quot;  VERBOSE=1 &quot;$file&quot;"/>
					<Clean command="/usr/bin/make -f &quot;/home/absoler/csmith-2.3.0/src/Makefile&quot;  VERBOSE=1 clean"/>
					<DistClean command="/usr/bin/make -f &quot;/home/absoler/csmith-2.3.0/src/Makefile&quot;  VERBOSE=1 clean"/>
				</MakeCommands>
			</Target>
			<Target title="csmith">
				<Option output="/home/absoler/csmith-2.3.0/src/csmith" prefix_auto="0" extension_auto="0"/>
				<Option working_dir="/home/absoler/csmith-2.3.0/src"/>
				<Option object_output="./"/>
				<Option type="1"/>
				<Option compiler="gcc"/>
				<Compiler>
					<Add option="-DHAVE_CONFIG_H"/>
					<Add directory="/home/absoler/csmith-2.3.0"/>
					<Add directory="/home/absoler/csmith-2.3.0/src"/>
				</Compiler>
				<MakeCommands>
					<Build command="/usr/bin/make -f &quot;/home/absoler/csmith-2.3.0/src/Makefile&quot;  VERBOSE=1 csmith"/>
					<CompileFile command="/usr/bin/make -f &quot;/home/absoler/csmith-2.3.0/src/Makefile&quot;  VERBOSE=1 &quot;$file&quot;"/>
					<Clean command="/usr/bin/make -f &quot;/home/absoler/csmith-2.3.0/src/Makefile&quot;  VERBOSE=1 clean"/>
					<DistClean command="/usr/bin/make -f &quot;/home/absoler/csmith-2.3.0/src/Makefile&quot;  VERBOSE=1 clean"/>
				</MakeCommands>
			</Target>
			<Target title="csmith/fast">
				<Option output="/home/absoler/csmith-2.3.0/src/csmith" prefix_auto="0" extension_auto="0"/>
				<Option working_dir="/home/absoler/csmith-2.3.0/src"/>
				<Option object_output="./"/>
				<Option type="1"/>
				<Option compiler="gcc"/>
				<Compiler>
					<Add option="-DHAVE_CONFIG_H"/>
					<Add directory="/home/absoler/csmith-2.3.0"/>
					<Add directory="/home/absoler/csmith-2.3.0/src"/>
				</Compiler>
				<MakeCommands>
					<Build command="/usr/bin/make -f &quot;/home/absoler/csmith-2.3.0/src/Makefile&quot;  VERBOSE=1 csmith/fast"/>
					<CompileFile command="/usr/bin/make -f &quot;/home/absoler/csmith-2.3.0/src/Makefile&quot;  VERBOSE=1 &quot;$file&quot;"/>
					<Clean command="/usr/bin/make -f &quot;/home/absoler/csmith-2.3.0/src/Makefile&quot;  VERBOSE=1 clean"/>
					<DistClean command="/usr/bin/make -f &quot;/home/absoler/csmith-2.3.0/src/Makefile&quot;  VERBOSE=1 clean"/>
				</MakeCommands>
			</Target>
		</Build>
		<Unit filename="/home/absoler/csmith-2.3.0/config.h">
			<Option target="csmith"/>
		</Unit>
		<Unit filename="/home/absoler/csmith-2.3.0/src/AbsExtension.cpp">
			<Option target="csmith"/>
		</Unit>
		<Unit filename="/home/absoler/csmith-2.3.0/src/AbsExtension.h">
			<Option target="csmith"/>
		</Unit>
		<Unit filename="/home/absoler/csmith-2.3.0/src/AbsProgramGenerator.cpp">
			<Option target="csmith"/>
		</Unit>
		<Unit filename="/home/absoler/csmith-2.3.0/src/AbsProgramGenerator.h">
			<Option target="csmith"/>
		</Unit>
		<Unit filename="/home/absoler/csmith-2.3.0/src/AbsRndNumGenerator.cpp">
			<Option target="csmith"/>
		</Unit>
		<Unit filename="/home/absoler/csmith-2.3.0/src/AbsRndNumGenerator.h">
			<Option target="csmith"/>
		</Unit>
		<Unit filename="/home/absoler/csmith-2.3.0/src/ArrayVariable.cpp">
			<Option target="csmith"/>
		</Unit>
		<Unit filename="/home/absoler/csmith-2.3.0/src/ArrayVariable.h">
			<Option target="csmith"/>
		</Unit>
		<Unit filename="/home/absoler/csmith-2.3.0/src/Block.cpp">
			<Option target="csmith"/>
		</Unit>
		<Unit filename="/home/absoler/csmith-2.3.0/src/Block.h">
			<Option target="csmith"/>
		</Unit>
		<Unit filename="/home/absoler/csmith-2.3.0/src/Bookkeeper.cpp">
			<Option target="csmith"/>
		</Unit>
		<Unit filename="/home/absoler/csmith-2.3.0/src/Bookkeeper.h">
			<Option target="csmith"/>
		</Unit>
		<Unit filename="/home/absoler/csmith-2.3.0/src/CFGEdge.cpp">
			<Option target="csmith"/>
		</Unit>
		<Unit filename="/home/absoler/csmith-2.3.0/src/CFGEdge.h">
			<Option target="csmith"/>
		</Unit>
		<Unit filename="/home/absoler/csmith-2.3.0/src/CGContext.cpp">
			<Option target="csmith"/>
		</Unit>
		<Unit filename="/home/absoler/csmith-2.3.0/src/CGContext.h">
			<Option target="csmith"/>
		</Unit>
		<Unit filename="/home/absoler/csmith-2.3.0/src/CGOptions.cpp">
			<Option target="csmith"/>
		</Unit>
		<Unit filename="/home/absoler/csmith-2.3.0/src/CGOptions.h">
			<Option target="csmith"/>
		</Unit>
		<Unit filename="/home/absoler/csmith-2.3.0/src/CVQualifiers.cpp">
			<Option target="csmith"/>
		</Unit>
		<Unit filename="/home/absoler/csmith-2.3.0/src/CVQualifiers.h">
			<Option target="csmith"/>
		</Unit>
		<Unit filename="/home/absoler/csmith-2.3.0/src/Common.h">
			<Option target="csmith"/>
		</Unit>
		<Unit filename="/home/absoler/csmith-2.3.0/src/CommonMacros.h">
			<Option target="csmith"/>
		</Unit>
		<Unit filename="/home/absoler/csmith-2.3.0/src/CompatibleChecker.cpp">
			<Option target="csmith"/>
		</Unit>
		<Unit filename="/home/absoler/csmith-2.3.0/src/CompatibleChecker.h">
			<Option target="csmith"/>
		</Unit>
		<Unit filename="/home/absoler/csmith-2.3.0/src/Constant.cpp">
			<Option target="csmith"/>
		</Unit>
		<Unit filename="/home/absoler/csmith-2.3.0/src/Constant.h">
			<Option target="csmith"/>
		</Unit>
		<Unit filename="/home/absoler/csmith-2.3.0/src/CoverageTestExtension.cpp">
			<Option target="csmith"/>
		</Unit>
		<Unit filename="/home/absoler/csmith-2.3.0/src/CoverageTestExtension.h">
			<Option target="csmith"/>
		</Unit>
		<Unit filename="/home/absoler/csmith-2.3.0/src/CrestExtension.cpp">
			<Option target="csmith"/>
		</Unit>
		<Unit filename="/home/absoler/csmith-2.3.0/src/CrestExtension.h">
			<Option target="csmith"/>
		</Unit>
		<Unit filename="/home/absoler/csmith-2.3.0/src/DFSOutputMgr.cpp">
			<Option target="csmith"/>
		</Unit>
		<Unit filename="/home/absoler/csmith-2.3.0/src/DFSOutputMgr.h">
			<Option target="csmith"/>
		</Unit>
		<Unit filename="/home/absoler/csmith-2.3.0/src/DFSProgramGenerator.cpp">
			<Option target="csmith"/>
		</Unit>
		<Unit filename="/home/absoler/csmith-2.3.0/src/DFSProgramGenerator.h">
			<Option target="csmith"/>
		</Unit>
		<Unit filename="/home/absoler/csmith-2.3.0/src/DFSRndNumGenerator.cpp">
			<Option target="csmith"/>
		</Unit>
		<Unit filename="/home/absoler/csmith-2.3.0/src/DFSRndNumGenerator.h">
			<Option target="csmith"/>
		</Unit>
		<Unit filename="/home/absoler/csmith-2.3.0/src/DefaultOutputMgr.cpp">
			<Option target="csmith"/>
		</Unit>
		<Unit filename="/home/absoler/csmith-2.3.0/src/DefaultOutputMgr.h">
			<Option target="csmith"/>
		</Unit>
		<Unit filename="/home/absoler/csmith-2.3.0/src/DefaultProgramGenerator.cpp">
			<Option target="csmith"/>
		</Unit>
		<Unit filename="/home/absoler/csmith-2.3.0/src/DefaultProgramGenerator.h">
			<Option target="csmith"/>
		</Unit>
		<Unit filename="/home/absoler/csmith-2.3.0/src/DefaultRndNumGenerator.cpp">
			<Option target="csmith"/>
		</Unit>
		<Unit filename="/home/absoler/csmith-2.3.0/src/DefaultRndNumGenerator.h">
			<Option target="csmith"/>
		</Unit>
		<Unit filename="/home/absoler/csmith-2.3.0/src/DeltaMonitor.cpp">
			<Option target="csmith"/>
		</Unit>
		<Unit filename="/home/absoler/csmith-2.3.0/src/DeltaMonitor.h">
			<Option target="csmith"/>
		</Unit>
		<Unit filename="/home/absoler/csmith-2.3.0/src/DepthSpec.cpp">
			<Option target="csmith"/>
		</Unit>
		<Unit filename="/home/absoler/csmith-2.3.0/src/DepthSpec.h">
			<Option target="csmith"/>
		</Unit>
		<Unit filename="/home/absoler/csmith-2.3.0/src/Effect.cpp">
			<Option target="csmith"/>
		</Unit>
		<Unit filename="/home/absoler/csmith-2.3.0/src/Effect.h">
			<Option target="csmith"/>
		</Unit>
		<Unit filename="/home/absoler/csmith-2.3.0/src/Enumerator.h">
			<Option target="csmith"/>
		</Unit>
		<Unit filename="/home/absoler/csmith-2.3.0/src/Error.cpp">
			<Option target="csmith"/>
		</Unit>
		<Unit filename="/home/absoler/csmith-2.3.0/src/Error.h">
			<Option target="csmith"/>
		</Unit>
		<Unit filename="/home/absoler/csmith-2.3.0/src/Expression.cpp">
			<Option target="csmith"/>
		</Unit>
		<Unit filename="/home/absoler/csmith-2.3.0/src/Expression.h">
			<Option target="csmith"/>
		</Unit>
		<Unit filename="/home/absoler/csmith-2.3.0/src/ExpressionAssign.cpp">
			<Option target="csmith"/>
		</Unit>
		<Unit filename="/home/absoler/csmith-2.3.0/src/ExpressionAssign.h">
			<Option target="csmith"/>
		</Unit>
		<Unit filename="/home/absoler/csmith-2.3.0/src/ExpressionComma.cpp">
			<Option target="csmith"/>
		</Unit>
		<Unit filename="/home/absoler/csmith-2.3.0/src/ExpressionComma.h">
			<Option target="csmith"/>
		</Unit>
		<Unit filename="/home/absoler/csmith-2.3.0/src/ExpressionFuncall.cpp">
			<Option target="csmith"/>
		</Unit>
		<Unit filename="/home/absoler/csmith-2.3.0/src/ExpressionFuncall.h">
			<Option target="csmith"/>
		</Unit>
		<Unit filename="/home/absoler/csmith-2.3.0/src/ExpressionVariable.cpp">
			<Option target="csmith"/>
		</Unit>
		<Unit filename="/home/absoler/csmith-2.3.0/src/ExpressionVariable.h">
			<Option target="csmith"/>
		</Unit>
		<Unit filename="/home/absoler/csmith-2.3.0/src/ExtensionMgr.cpp">
			<Option target="csmith"/>
		</Unit>
		<Unit filename="/home/absoler/csmith-2.3.0/src/ExtensionMgr.h">
			<Option target="csmith"/>
		</Unit>
		<Unit filename="/home/absoler/csmith-2.3.0/src/ExtensionValue.cpp">
			<Option target="csmith"/>
		</Unit>
		<Unit filename="/home/absoler/csmith-2.3.0/src/ExtensionValue.h">
			<Option target="csmith"/>
		</Unit>
		<Unit filename="/home/absoler/csmith-2.3.0/src/Fact.cpp">
			<Option target="csmith"/>
		</Unit>
		<Unit filename="/home/absoler/csmith-2.3.0/src/Fact.h">
			<Option target="csmith"/>
		</Unit>
		<Unit filename="/home/absoler/csmith-2.3.0/src/FactMgr.cpp">
			<Option target="csmith"/>
		</Unit>
		<Unit filename="/home/absoler/csmith-2.3.0/src/FactMgr.h">
			<Option target="csmith"/>
		</Unit>
		<Unit filename="/home/absoler/csmith-2.3.0/src/FactPointTo.cpp">
			<Option target="csmith"/>
		</Unit>
		<Unit filename="/home/absoler/csmith-2.3.0/src/FactPointTo.h">
			<Option target="csmith"/>
		</Unit>
		<Unit filename="/home/absoler/csmith-2.3.0/src/FactUnion.cpp">
			<Option target="csmith"/>
		</Unit>
		<Unit filename="/home/absoler/csmith-2.3.0/src/FactUnion.h">
			<Option target="csmith"/>
		</Unit>
		<Unit filename="/home/absoler/csmith-2.3.0/src/Filter.cpp">
			<Option target="csmith"/>
		</Unit>
		<Unit filename="/home/absoler/csmith-2.3.0/src/Filter.h">
			<Option target="csmith"/>
		</Unit>
		<Unit filename="/home/absoler/csmith-2.3.0/src/Finalization.cpp">
			<Option target="csmith"/>
		</Unit>
		<Unit filename="/home/absoler/csmith-2.3.0/src/Finalization.h">
			<Option target="csmith"/>
		</Unit>
		<Unit filename="/home/absoler/csmith-2.3.0/src/Function.cpp">
			<Option target="csmith"/>
		</Unit>
		<Unit filename="/home/absoler/csmith-2.3.0/src/Function.h">
			<Option target="csmith"/>
		</Unit>
		<Unit filename="/home/absoler/csmith-2.3.0/src/FunctionInvocation.cpp">
			<Option target="csmith"/>
		</Unit>
		<Unit filename="/home/absoler/csmith-2.3.0/src/FunctionInvocation.h">
			<Option target="csmith"/>
		</Unit>
		<Unit filename="/home/absoler/csmith-2.3.0/src/FunctionInvocationBinary.cpp">
			<Option target="csmith"/>
		</Unit>
		<Unit filename="/home/absoler/csmith-2.3.0/src/FunctionInvocationBinary.h">
			<Option target="csmith"/>
		</Unit>
		<Unit filename="/home/absoler/csmith-2.3.0/src/FunctionInvocationUnary.cpp">
			<Option target="csmith"/>
		</Unit>
		<Unit filename="/home/absoler/csmith-2.3.0/src/FunctionInvocationUnary.h">
			<Option target="csmith"/>
		</Unit>
		<Unit filename="/home/absoler/csmith-2.3.0/src/FunctionInvocationUser.cpp">
			<Option target="csmith"/>
		</Unit>
		<Unit filename="/home/absoler/csmith-2.3.0/src/FunctionInvocationUser.h">
			<Option target="csmith"/>
		</Unit>
		<Unit filename="/home/absoler/csmith-2.3.0/src/KleeExtension.cpp">
			<Option target="csmith"/>
		</Unit>
		<Unit filename="/home/absoler/csmith-2.3.0/src/KleeExtension.h">
			<Option target="csmith"/>
		</Unit>
		<Unit filename="/home/absoler/csmith-2.3.0/src/Lhs.cpp">
			<Option target="csmith"/>
		</Unit>
		<Unit filename="/home/absoler/csmith-2.3.0/src/Lhs.h">
			<Option target="csmith"/>
		</Unit>
		<Unit filename="/home/absoler/csmith-2.3.0/src/LinearSequence.cpp">
			<Option target="csmith"/>
		</Unit>
		<Unit filename="/home/absoler/csmith-2.3.0/src/LinearSequence.h">
			<Option target="csmith"/>
		</Unit>
		<Unit filename="/home/absoler/csmith-2.3.0/src/MspFilters.cpp">
			<Option target="csmith"/>
		</Unit>
		<Unit filename="/home/absoler/csmith-2.3.0/src/MspFilters.h">
			<Option target="csmith"/>
		</Unit>
		<Unit filename="/home/absoler/csmith-2.3.0/src/OutputMgr.cpp">
			<Option target="csmith"/>
		</Unit>
		<Unit filename="/home/absoler/csmith-2.3.0/src/OutputMgr.h">
			<Option target="csmith"/>
		</Unit>
		<Unit filename="/home/absoler/csmith-2.3.0/src/PartialExpander.cpp">
			<Option target="csmith"/>
		</Unit>
		<Unit filename="/home/absoler/csmith-2.3.0/src/PartialExpander.h">
			<Option target="csmith"/>
		</Unit>
		<Unit filename="/home/absoler/csmith-2.3.0/src/Probabilities.cpp">
			<Option target="csmith"/>
		</Unit>
		<Unit filename="/home/absoler/csmith-2.3.0/src/Probabilities.h">
			<Option target="csmith"/>
		</Unit>
		<Unit filename="/home/absoler/csmith-2.3.0/src/ProbabilityTable.h">
			<Option target="csmith"/>
		</Unit>
		<Unit filename="/home/absoler/csmith-2.3.0/src/RandomNumber.cpp">
			<Option target="csmith"/>
		</Unit>
		<Unit filename="/home/absoler/csmith-2.3.0/src/RandomNumber.h">
			<Option target="csmith"/>
		</Unit>
		<Unit filename="/home/absoler/csmith-2.3.0/src/RandomProgramGenerator.cpp">
			<Option target="csmith"/>
		</Unit>
		<Unit filename="/home/absoler/csmith-2.3.0/src/Reducer.cpp">
			<Option target="csmith"/>
		</Unit>
		<Unit filename="/home/absoler/csmith-2.3.0/src/Reducer.h">
			<Option target="csmith"/>
		</Unit>
		<Unit filename="/home/absoler/csmith-2.3.0/src/ReducerOutputMgr.cpp">
			<Option target="csmith"/>
		</Unit>
		<Unit filename="/home/absoler/csmith-2.3.0/src/ReducerOutputMgr.h">
			<Option target="csmith"/>
		</Unit>
		<Unit filename="/home/absoler/csmith-2.3.0/src/SafeOpFlags.cpp">
			<Option target="csmith"/>
		</Unit>
		<Unit filename="/home/absoler/csmith-2.3.0/src/SafeOpFlags.h">
			<Option target="csmith"/>
		</Unit>
		<Unit filename="/home/absoler/csmith-2.3.0/src/Sequence.cpp">
			<Option target="csmith"/>
		</Unit>
		<Unit filename="/home/absoler/csmith-2.3.0/src/Sequence.h">
			<Option target="csmith"/>
		</Unit>
		<Unit filename="/home/absoler/csmith-2.3.0/src/SequenceFactory.cpp">
			<Option target="csmith"/>
		</Unit>
		<Unit filename="/home/absoler/csmith-2.3.0/src/SequenceFactory.h">
			<Option target="csmith"/>
		</Unit>
		<Unit filename="/home/absoler/csmith-2.3.0/src/SequenceLineParser.h">
			<Option target="csmith"/>
		</Unit>
		<Unit filename="/home/absoler/csmith-2.3.0/src/SimpleDeltaRndNumGenerator.cpp">
			<Option target="csmith"/>
		</Unit>
		<Unit filename="/home/absoler/csmith-2.3.0/src/SimpleDeltaRndNumGenerator.h">
			<Option target="csmith"/>
		</Unit>
		<Unit filename="/home/absoler/csmith-2.3.0/src/SimpleDeltaSequence.cpp">
			<Option target="csmith"/>
		</Unit>
		<Unit filename="/home/absoler/csmith-2.3.0/src/SimpleDeltaSequence.h">
			<Option target="csmith"/>
		</Unit>
		<Unit filename="/home/absoler/csmith-2.3.0/src/SplatExtension.cpp">
			<Option target="csmith"/>
		</Unit>
		<Unit filename="/home/absoler/csmith-2.3.0/src/SplatExtension.h">
			<Option target="csmith"/>
		</Unit>
		<Unit filename="/home/absoler/csmith-2.3.0/src/Statement.cpp">
			<Option target="csmith"/>
		</Unit>
		<Unit filename="/home/absoler/csmith-2.3.0/src/Statement.h">
			<Option target="csmith"/>
		</Unit>
		<Unit filename="/home/absoler/csmith-2.3.0/src/StatementArrayOp.cpp">
			<Option target="csmith"/>
		</Unit>
		<Unit filename="/home/absoler/csmith-2.3.0/src/StatementArrayOp.h">
			<Option target="csmith"/>
		</Unit>
		<Unit filename="/home/absoler/csmith-2.3.0/src/StatementAssign.cpp">
			<Option target="csmith"/>
		</Unit>
		<Unit filename="/home/absoler/csmith-2.3.0/src/StatementAssign.h">
			<Option target="csmith"/>
		</Unit>
		<Unit filename="/home/absoler/csmith-2.3.0/src/StatementBreak.cpp">
			<Option target="csmith"/>
		</Unit>
		<Unit filename="/home/absoler/csmith-2.3.0/src/StatementBreak.h">
			<Option target="csmith"/>
		</Unit>
		<Unit filename="/home/absoler/csmith-2.3.0/src/StatementContinue.cpp">
			<Option target="csmith"/>
		</Unit>
		<Unit filename="/home/absoler/csmith-2.3.0/src/StatementContinue.h">
			<Option target="csmith"/>
		</Unit>
		<Unit filename="/home/absoler/csmith-2.3.0/src/StatementExpr.cpp">
			<Option target="csmith"/>
		</Unit>
		<Unit filename="/home/absoler/csmith-2.3.0/src/StatementExpr.h">
			<Option target="csmith"/>
		</Unit>
		<Unit filename="/home/absoler/csmith-2.3.0/src/StatementFor.cpp">
			<Option target="csmith"/>
		</Unit>
		<Unit filename="/home/absoler/csmith-2.3.0/src/StatementFor.h">
			<Option target="csmith"/>
		</Unit>
		<Unit filename="/home/absoler/csmith-2.3.0/src/StatementGoto.cpp">
			<Option target="csmith"/>
		</Unit>
		<Unit filename="/home/absoler/csmith-2.3.0/src/StatementGoto.h">
			<Option target="csmith"/>
		</Unit>
		<Unit filename="/home/absoler/csmith-2.3.0/src/StatementIf.cpp">
			<Option target="csmith"/>
		</Unit>
		<Unit filename="/home/absoler/csmith-2.3.0/src/StatementIf.h">
			<Option target="csmith"/>
		</Unit>
		<Unit filename="/home/absoler/csmith-2.3.0/src/StatementReturn.cpp">
			<Option target="csmith"/>
		</Unit>
		<Unit filename="/home/absoler/csmith-2.3.0/src/StatementReturn.h">
			<Option target="csmith"/>
		</Unit>
		<Unit filename="/home/absoler/csmith-2.3.0/src/StringUtils.cpp">
			<Option target="csmith"/>
		</Unit>
		<Unit filename="/home/absoler/csmith-2.3.0/src/StringUtils.h">
			<Option target="csmith"/>
		</Unit>
		<Unit filename="/home/absoler/csmith-2.3.0/src/Type.cpp">
			<Option target="csmith"/>
		</Unit>
		<Unit filename="/home/absoler/csmith-2.3.0/src/Type.h">
			<Option target="csmith"/>
		</Unit>
		<Unit filename="/home/absoler/csmith-2.3.0/src/Variable.cpp">
			<Option target="csmith"/>
		</Unit>
		<Unit filename="/home/absoler/csmith-2.3.0/src/Variable.h">
			<Option target="csmith"/>
		</Unit>
		<Unit filename="/home/absoler/csmith-2.3.0/src/VariableSelector.cpp">
			<Option target="csmith"/>
		</Unit>
		<Unit filename="/home/absoler/csmith-2.3.0/src/VariableSelector.h">
			<Option target="csmith"/>
		</Unit>
		<Unit filename="/home/absoler/csmith-2.3.0/src/VectorFilter.cpp">
			<Option target="csmith"/>
		</Unit>
		<Unit filename="/home/absoler/csmith-2.3.0/src/VectorFilter.h">
			<Option target="csmith"/>
		</Unit>
		<Unit filename="/home/absoler/csmith-2.3.0/src/git_version.cpp">
			<Option target="csmith"/>
		</Unit>
		<Unit filename="/home/absoler/csmith-2.3.0/src/git_version.h">
			<Option target="csmith"/>
		</Unit>
		<Unit filename="/home/absoler/csmith-2.3.0/src/platform.cpp">
			<Option target="csmith"/>
		</Unit>
		<Unit filename="/home/absoler/csmith-2.3.0/src/platform.h">
			<Option target="csmith"/>
		</Unit>
		<Unit filename="/home/absoler/csmith-2.3.0/src/random.cpp">
			<Option target="csmith"/>
		</Unit>
		<Unit filename="/home/absoler/csmith-2.3.0/src/random.h">
			<Option target="csmith"/>
		</Unit>
		<Unit filename="/home/absoler/csmith-2.3.0/src/util.cpp">
			<Option target="csmith"/>
		</Unit>
		<Unit filename="/home/absoler/csmith-2.3.0/src/util.h">
			<Option target="csmith"/>
		</Unit>
		<Unit filename="/home/absoler/csmith-2.3.0/CMakeLists.txt">
			<Option virtualFolder="CMake Files\"/>
		</Unit>
		<Unit filename="/home/absoler/csmith-2.3.0/cmake_config.h.in">
			<Option virtualFolder="CMake Files\"/>
		</Unit>
		<Unit filename="/home/absoler/csmith-2.3.0/cmake/GetGitRevisionDescription.cmake">
			<Option virtualFolder="CMake Files\cmake\"/>
		</Unit>
		<Unit filename="/home/absoler/csmith-2.3.0/doc/CMakeLists.txt">
			<Option virtualFolder="CMake Files\doc\"/>
		</Unit>
		<Unit filename="/home/absoler/csmith-2.3.0/runtime/CMakeLists.txt">
			<Option virtualFolder="CMake Files\runtime\"/>
		</Unit>
		<Unit filename="/home/absoler/csmith-2.3.0/scripts/CMakeLists.txt">
			<Option virtualFolder="CMake Files\scripts\"/>
		</Unit>
		<Unit filename="/home/absoler/csmith-2.3.0/src/CMakeLists.txt">
			<Option virtualFolder="CMake Files\src\"/>
		</Unit>
		<Unit filename="/home/absoler/csmith-2.3.0/src/git_version.cpp.in">
			<Option virtualFolder="CMake Files\src\"/>
		</Unit>
	</Project>
</CodeBlocks_project_file>
